
Microsoft Visual Studio Solution File, Format Version 12.00
# Visual Studio 15
VisualStudioVersion = 15.0.26430.13
MinimumVisualStudioVersion = 10.0.40219.1
Project("{FAE04EC0-301F-11D3-BF4B-00C04F79EFBC}") = "Singular", "Singular\Singular.csproj", "{AA42C9FF-74BB-4AD9-9F9E-702CC584A423}"
EndProject
Project("{FAE04EC0-301F-11D3-BF4B-00C04F79EFBC}") = "FileCheckListGenerator", "FilecheckGenerator\FileCheckListGenerator.csproj", "{D3AE0417-BBBF-43D2-8B80-A8810E45883F}"
EndProject
Global
	GlobalSection(SolutionConfigurationPlatforms) = preSolution
		Debug|Any CPU = Debug|Any CPU
		Release|Any CPU = Release|Any CPU
	EndGlobalSection
	GlobalSection(ProjectConfigurationPlatforms) = postSolution
		{AA42C9FF-74BB-4AD9-9F9E-702CC584A423}.Debug|Any CPU.ActiveCfg = Debug|Any CPU
		{AA42C9FF-74BB-4AD9-9F9E-702CC584A423}.Debug|Any CPU.Build.0 = Debug|Any CPU
		{AA42C9FF-74BB-4AD9-9F9E-702CC584A423}.Release|Any CPU.ActiveCfg = Release|Any CPU
		{AA42C9FF-74BB-4AD9-9F9E-702CC584A423}.Release|Any CPU.Build.0 = Release|Any CPU
		{D3AE0417-BBBF-43D2-8B80-A8810E45883F}.Debug|Any CPU.ActiveCfg = Debug|Any CPU
		{D3AE0417-BBBF-43D2-8B80-A8810E45883F}.Debug|Any CPU.Build.0 = Debug|Any CPU
		{D3AE0417-BBBF-43D2-8B80-A8810E45883F}.Release|Any CPU.ActiveCfg = Release|Any CPU
		{D3AE0417-BBBF-43D2-8B80-A8810E45883F}.Release|Any CPU.Build.0 = Release|Any CPU
	EndGlobalSection
	GlobalSection(SolutionProperties) = preSolution
		HideSolutionNode = FALSE
	EndGlobalSection
	GlobalSection(SharpSetup) = preSolution
		Version = 1.2
	EndGlobalSection
EndGlobal
